
Microsoft Visual Studio Solution File, Format Version 12.00
# Visual Studio 15
VisualStudioVersion = 15.0.27309.0
MinimumVisualStudioVersion = 10.0.40219.1
Project("{FAE04EC0-301F-11D3-BF4B-00C04F79EFBC}") = "SortOfDemo", "SortOfDemo\SortOfDemo.csproj", "{74423808-F9AC-4C1C-8196-DB34391B7211}"
EndProject
Global
	GlobalSection(SolutionConfigurationPlatforms) = preSolution
		Debug|Any CPU = Debug|Any CPU
		Release|Any CPU = Release|Any CPU
	EndGlobalSection
	GlobalSection(ProjectConfigurationPlatforms) = postSolution
		{74423808-F9AC-4C1C-8196-DB34391B7211}.Debug|Any CPU.ActiveCfg = Debug|Any CPU
		{74423808-F9AC-4C1C-8196-DB34391B7211}.Debug|Any CPU.Build.0 = Debug|Any CPU
		{74423808-F9AC-4C1C-8196-DB34391B7211}.Release|Any CPU.ActiveCfg = Release|Any CPU
		{74423808-F9AC-4C1C-8196-DB34391B7211}.Release|Any CPU.Build.0 = Release|Any CPU
	EndGlobalSection
	GlobalSection(SolutionProperties) = preSolution
		HideSolutionNode = FALSE
	EndGlobalSection
	GlobalSection(ExtensibilityGlobals) = postSolution
		SolutionGuid = {DA732E15-9FB4-4AD8-940A-DF440B627A74}
	EndGlobalSection
EndGlobal
